
Microsoft Visual Studio Solution File, Format Version 12.00
# Visual Studio Version 16
VisualStudioVersion = 16.0.29006.145
MinimumVisualStudioVersion = 10.0.40219.1
Project("{FAE04EC0-301F-11D3-BF4B-00C04F79EFBC}") = "MpvWinFormPlayer", "MpvWinFormPlayer\MpvWinFormPlayer.csproj", "{062C02F7-3DD4-4E9D-B0FA-714AE8AA78B1}"
EndProject
Global
	GlobalSection(SolutionConfigurationPlatforms) = preSolution
		Debug|Any CPU = Debug|Any CPU
		Release|Any CPU = Release|Any CPU
	EndGlobalSection
	GlobalSection(ProjectConfigurationPlatforms) = postSolution
		{062C02F7-3DD4-4E9D-B0FA-714AE8AA78B1}.Debug|Any CPU.ActiveCfg = Debug|Any CPU
		{062C02F7-3DD4-4E9D-B0FA-714AE8AA78B1}.Debug|Any CPU.Build.0 = Debug|Any CPU
		{062C02F7-3DD4-4E9D-B0FA-714AE8AA78B1}.Release|Any CPU.ActiveCfg = Release|Any CPU
		{062C02F7-3DD4-4E9D-B0FA-714AE8AA78B1}.Release|Any CPU.Build.0 = Release|Any CPU
	EndGlobalSection
	GlobalSection(SolutionProperties) = preSolution
		HideSolutionNode = FALSE
	EndGlobalSection
	GlobalSection(ExtensibilityGlobals) = postSolution
		SolutionGuid = {4419E281-777B-48DE-A190-BF6B352DF2D4}
	EndGlobalSection
EndGlobal
